
Microsoft Visual Studio Solution File, Format Version 12.00
# Visual Studio Version 16
VisualStudioVersion = 16.0.31025.194
MinimumVisualStudioVersion = 10.0.40219.1
Project("{FAE04EC0-301F-11D3-BF4B-00C04F79EFBC}") = "CSharpWebServer", "CSharpWebServer.csproj", "{D34A4144-4CE0-4975-8803-27E28215E192}"
EndProject
Global
	GlobalSection(SolutionConfigurationPlatforms) = preSolution
		Debug|Any CPU = Debug|Any CPU
		Release|Any CPU = Release|Any CPU
	EndGlobalSection
	GlobalSection(ProjectConfigurationPlatforms) = postSolution
		{D34A4144-4CE0-4975-8803-27E28215E192}.Debug|Any CPU.ActiveCfg = Debug|Any CPU
		{D34A4144-4CE0-4975-8803-27E28215E192}.Debug|Any CPU.Build.0 = Debug|Any CPU
		{D34A4144-4CE0-4975-8803-27E28215E192}.Release|Any CPU.ActiveCfg = Release|Any CPU
		{D34A4144-4CE0-4975-8803-27E28215E192}.Release|Any CPU.Build.0 = Release|Any CPU
	EndGlobalSection
	GlobalSection(SolutionProperties) = preSolution
		HideSolutionNode = FALSE
	EndGlobalSection
	GlobalSection(ExtensibilityGlobals) = postSolution
		SolutionGuid = {CF3661F7-ABC2-4D71-B165-44ABCC2F7FE5}
	EndGlobalSection
EndGlobal
